{
  "name": "simple-logs-sai-node",
  "version": "1.0.4",
  "lockfileVersion": 3,
  "requires": true,
  "packages": {
    "": {
      "name": "simple-logs-sai-node",
      "version": "1.0.4",
      "license": "ISC",
      "dependencies": {
        "simple-logs-sai-node": "^1.0.4"
      }
    },
    "node_modules/simple-logs-sai-node": {
      "version": "1.0.4",
      "resolved": "https://registry.npmjs.org/simple-logs-sai-node/-/simple-logs-sai-node-1.0.4.tgz",
      "integrity": "sha512-oeEztBLDebMUM+/xeERhaNB7Yl9NK1IeslcPQ2242V5Rl6QZdaXnbZOuav4RK7SjCZsynqaWIOriDaz7TGMDPQ==",
      "license": "ISC"
    }
  }
}
